github.com/davecgh/go-spew v1.1.1 h1:vj9j/u1bqnvCEfJOwUhtlOARqs3+rkHYY13jYWTU97c=
github.com/davecgh/go-spew v1.1.1/go.mod h1:J7Y8YcW2NihsgmVo/mv3lAwl/skON4iLHjSsI+c5H38=
github.com/ebitengine/purego v0.7.1 h1:6/55d26lG3o9VCZX8lping+bZcmShseiqlh2bnUDiPA=
github.com/ebitengine/purego v0.7.1/go.mod h1:ah1In8AOtksoNK6yk5z1HTJeUkC1Ez4Wk2idgGslMwQ=
github.com/gen2brain/raylib-go/raylib v0.0.0-20240524074310-a997a44fb95b h1:BOAQWmspPqfnNWsPVD2x5BSXR9LGZhdN3litGjVcWIc=
github.com/gen2brain/raylib-go/raylib v0.0.0-20240524074310-a997a44fb95b/go.mod h1:BaY76bZk7nw1/kVOSQObPY1v1iwVE1KHAGMfvI6oK1Q=
github.com/jdbann/lasagne v0.0.1 h1:DnF/DfX8QNlNDD2MMlbJhhlOp5DLZPpiaXtLAjIpnQI=
github.com/jdbann/lasagne v0.0.1/go.mod h1:aN9aZ0tgC4VvMgHNwAojcafqrVYlLx6cLLX9hdezNa4=
github.com/mlange-42/arche v0.13.0 h1:ef0fu9qC2KIr8wIlVs+CgeQ5CSUJ8A1Hut6nXYdf+xk=
github.com/mlange-42/arche v0.13.0/go.mod h1:bFktKnvGDj2kP01xar79z0hKwGHdnoaEZR8HWmJkIyU=
github.com/mlange-42/arche-model v0.9.0 h1:S/qIvZNra782+nPixPkV5Ay9lAO51T1Zy7y4J62p1lo=
github.com/mlange-42/arche-model v0.9.0/go.mod h1:unGJaXLPdDUwMoPGKlTCW8HaRFVIRFILLHSWFp/DVY4=
github.com/pmezard/go-difflib v1.0.0 h1:4DBwDE0NGyQoBHbLQYPwSUPoCMWR5BEzIk/f1lZbAQM=
github.com/pmezard/go-difflib v1.0.0/go.mod h1:iKH77koFhYxTK1pcRnkKkqfTogsbg7gZNVY4sRDYZ/4=
github.com/stretchr/testify v1.9.0 h1:HtqpIVDClZ4nwg75+f6Lvsy/wHu+3BoSGCbBAcpTsTg=
github.com/stretchr/testify v1.9.0/go.mod h1:r2ic/lqez/lEtzL7wO/rwa5dbSLXVDPFyf8C91i36aY=
golang.org/x/exp v0.0.0-20240525044651-4c93da0ed11d h1:N0hmiNbwsSNwHBAvR3QB5w25pUwH4tK0Y/RltD1j1h4=
golang.org/x/exp v0.0.0-20240525044651-4c93da0ed11d/go.mod h1:XtvwrStGgqGPLc4cjQfWqZHG1YFdYs6swckp8vpsjnc=
golang.org/x/sys v0.20.0 h1:Od9JTbYCk261bKm4M/mw7AklTlFYIa0bIp9BgSm1S8Y=
golang.org/x/sys v0.20.0/go.mod h1:/VUhepiaJMQUp4+oa/7Zr1D23ma6VTLIYjOOTFZPUcA=
gopkg.in/yaml.v3 v3.0.1 h1:fxVm/GzAzEWqLHuvctI91KS9hhNmmWOoWu0XTYJS7CA=
gopkg.in/yaml.v3 v3.0.1/go.mod h1:K4uyk7z7BCEPqu6E+C64Yfv1cQ7kz7rIZviUmN+EgEM=
